{
  "originHash" : "ea6006a2dff87d251c8c4e8f5f43ff0b3234fdb11982aefba82c4ef418b9276b",
  "pins" : [
    {
      "identity" : "fx",
      "kind" : "remoteSourceControl",
      "location" : "https://github.com/P0ed/Fx",
      "state" : {
        "revision" : "606e01140b6b30b022293f9eddfd98e49f68f321",
        "version" : "3.1.0"
      }
    }
  ],
  "version" : 3
}
