{
  "originHash" : "fb919b1512a1ee94984d77fc5ac40500f44bdd24368f917c8cc238a126d7d00a",
  "pins" : [
    {
      "identity" : "fx",
      "kind" : "remoteSourceControl",
      "location" : "https://github.com/P0ed/Fx",
      "state" : {
        "branch" : "master",
        "revision" : "00a6b75debc350a62f6bf63f324bd6870d0045ab"
      }
    }
  ],
  "version" : 3
}
