{
  "originHash" : "110185956c80f9389fbd61f5411e60b54dfc9e608bb52369c96504ad0000b9e1",
  "pins" : [
    {
      "identity" : "fx",
      "kind" : "remoteSourceControl",
      "location" : "https://github.com/P0ed/Fx",
      "state" : {
        "branch" : "main",
        "revision" : "26a7634a4577459659cb8b1657ec482dcc13101d"
      }
    }
  ],
  "version" : 3
}
